<?xml version="1.0" encoding="utf-8"?>
<Project ToolsVersion="4.0" xmlns="http://schemas.microsoft.com/developer/msbuild/2003">
  <ItemGroup>
    <Filter Include="Source Files">
      <UniqueIdentifier>{4FC737F1-C7A5-4376-A066-2A32D752A2FF}</UniqueIdentifier>
      <Extensions>cpp;c;cc;cxx;def;odl;idl;hpj;bat;asm;asmx</Extensions>
    </Filter>
    <Filter Include="Header Files">
      <UniqueIdentifier>{93995380-89BD-4b04-88EB-625FBE52EBFB}</UniqueIdentifier>
      <Extensions>h;hpp;hxx;hm;inl;inc;xsd</Extensions>
    </Filter>
    <Filter Include="Resource Files">
      <UniqueIdentifier>{67DA6AB6-F800-4c08-8B7A-83BB121AAD01}</UniqueIdentifier>
      <Extensions>rc;ico;cur;bmp;dlg;rc2;rct;bin;rgs;gif;jpg;jpeg;jpe;resx;tiff;tif;png;wav;mfcribbon-ms</Extensions>
    </Filter>
    <Filter Include="Tests">
      <UniqueIdentifier>{b1578277-7441-4d8a-b9c3-7d6992a72fe8}</UniqueIdentifier>
    </Filter>
  </ItemGroup>
  <ItemGroup>
    <ClCompile Include="..\..\main.C">
      <Filter>Source Files</Filter>
    </ClCompile>
    <ClCompile Include="..\..\program_options.C">
      <Filter>Source Files</Filter>
    </ClCompile>
    <ClCompile Include="..\..\html_helpers.C">
      <Filter>Source Files</Filter>
    </ClCompile>
    <ClCompile Include="..\..\crawler.C">
      <Filter>Source Files</Filter>
    </ClCompile>
    <ClCompile Include="..\..\dictionary.C">
      <Filter>Source Files</Filter>
    </ClCompile>
    <ClCompile Include="..\..\FileReader.C">
      <Filter>Source Files</Filter>
    </ClCompile>
    <ClCompile Include="..\..\results_printer.C">
      <Filter>Source Files</Filter>
    </ClCompile>
    <ClCompile Include="..\..\results_manager.C">
      <Filter>Source Files</Filter>
    </ClCompile>
    <ClCompile Include="..\..\page_handler.C">
      <Filter>Source Files</Filter>
    </ClCompile>
    <ClCompile Include="..\..\reviewer.C">
      <Filter>Source Files</Filter>
    </ClCompile>
    <ClCompile Include="..\..\page_stats.C">
      <Filter>Source Files</Filter>
    </ClCompile>
    <ClCompile Include="..\..\cJSON.c">
      <Filter>Source Files</Filter>
    </ClCompile>
    <ClCompile Include="..\..\..\..\..\..\..\Olson%27s\Documents\Visual Studio 2010\Projects\ps3\Tests\curl_tests.C">
      <Filter>Tests</Filter>
    </ClCompile>
    <ClCompile Include="..\..\..\..\..\..\..\Olson%27s\Documents\Visual Studio 2010\Projects\ps3\Tests\html_helper_tests.C">
      <Filter>Tests</Filter>
    </ClCompile>
    <ClCompile Include="..\..\..\..\..\..\..\Olson%27s\Documents\Visual Studio 2010\Projects\ps3\Tests\priority_queue_tests.C">
      <Filter>Tests</Filter>
    </ClCompile>
  </ItemGroup>
  <ItemGroup>
    <ClInclude Include="..\..\program_options.h">
      <Filter>Header Files</Filter>
    </ClInclude>
    <ClInclude Include="..\..\crawler.h">
      <Filter>Header Files</Filter>
    </ClInclude>
    <ClInclude Include="..\..\HashMap.h">
      <Filter>Header Files</Filter>
    </ClInclude>
    <ClInclude Include="..\..\html_helpers.h">
      <Filter>Header Files</Filter>
    </ClInclude>
    <ClInclude Include="..\..\queue.h">
      <Filter>Header Files</Filter>
    </ClInclude>
    <ClInclude Include="..\..\LinkedHashEntry.h">
      <Filter>Header Files</Filter>
    </ClInclude>
    <ClInclude Include="..\..\page_handler.h">
      <Filter>Header Files</Filter>
    </ClInclude>
    <ClInclude Include="..\..\dictionary.h">
      <Filter>Header Files</Filter>
    </ClInclude>
    <ClInclude Include="..\..\BST.h">
      <Filter>Header Files</Filter>
    </ClInclude>
    <ClInclude Include="..\..\page_stats.h">
      <Filter>Header Files</Filter>
    </ClInclude>
    <ClInclude Include="..\..\commenter.h">
      <Filter>Header Files</Filter>
    </ClInclude>
    <ClInclude Include="..\..\FileReader.h">
      <Filter>Header Files</Filter>
    </ClInclude>
    <ClInclude Include="..\..\results_printer.h">
      <Filter>Header Files</Filter>
    </ClInclude>
    <ClInclude Include="..\..\results_manager.h">
      <Filter>Header Files</Filter>
    </ClInclude>
    <ClInclude Include="..\..\page_handler_args.h">
      <Filter>Header Files</Filter>
    </ClInclude>
    <ClInclude Include="..\..\reviewer.h">
      <Filter>Header Files</Filter>
    </ClInclude>
    <ClInclude Include="..\..\cJSON.h">
      <Filter>Header Files</Filter>
    </ClInclude>
    <ClInclude Include="..\..\..\..\..\..\..\Olson%27s\Documents\Visual Studio 2010\Projects\ps3\priority_queue.h">
      <Filter>Header Files</Filter>
    </ClInclude>
    <ClInclude Include="..\..\..\..\..\..\..\Olson%27s\Documents\Visual Studio 2010\Projects\ps3\Tests\curl_tests.h">
      <Filter>Tests</Filter>
    </ClInclude>
    <ClInclude Include="..\..\..\..\..\..\..\Olson%27s\Documents\Visual Studio 2010\Projects\ps3\Tests\html_helper_tests.h">
      <Filter>Tests</Filter>
    </ClInclude>
    <ClInclude Include="..\..\..\..\..\..\..\Olson%27s\Documents\Visual Studio 2010\Projects\ps3\Tests\priority_queue_tests.h">
      <Filter>Tests</Filter>
    </ClInclude>
  </ItemGroup>
</Project>